// !$*UTF8*$!
{
	archiveVersion = 1;
	classes = {
	};
	objectVersion = 50;
	objects = {

/* Begin PBXBuildFile section */
		0757BF3521D4A9DE00F859D1 /* AppDelegate.swift in Sources */ = {isa = PBXBuildFile; fileRef = 0757BF3421D4A9DE00F859D1 /* AppDelegate.swift */; };
		0757BF3721D4A9DE00F859D1 /* ViewController.swift in Sources */ = {isa = PBXBuildFile; fileRef = 0757BF3621D4A9DE00F859D1 /* ViewController.swift */; };
		0757BF3A21D4A9DE00F859D1 /* Main.storyboard in Resources */ = {isa = PBXBuildFile; fileRef = 0757BF3821D4A9DE00F859D1 /* Main.storyboard */; };
		0757BF3C21D4A9E200F859D1 /* Assets.xcassets in Resources */ = {isa = PBXBuildFile; fileRef = 0757BF3B21D4A9E200F859D1 /* Assets.xcassets */; };
		0757BF3F21D4A9E200F859D1 /* LaunchScreen.storyboard in Resources */ = {isa = PBXBuildFile; fileRef = 0757BF3D21D4A9E200F859D1 /* LaunchScreen.storyboard */; };
		07765DA321D4B24D001DE48C /* ApplicationThemeTests.swift in Sources */ = {isa = PBXBuildFile; fileRef = 07765DA221D4B24D001DE48C /* ApplicationThemeTests.swift */; };
		07EC61C621D4B34000FE283C /* ApplicationThemer.swift in Sources */ = {isa = PBXBuildFile; fileRef = 07EC61C521D4B34000FE283C /* ApplicationThemer.swift */; };
		07EC61C821D4B39400FE283C /* ApplicationThemer+Upstart.swift in Sources */ = {isa = PBXBuildFile; fileRef = 07EC61C721D4B39400FE283C /* ApplicationThemer+Upstart.swift */; };
		07EC61CB21D4B3F700FE283C /* ApplicationThemerFake.swift in Sources */ = {isa = PBXBuildFile; fileRef = 07EC61CA21D4B3F700FE283C /* ApplicationThemerFake.swift */; };
		B8344210F3A859B489DD5CEE /* Pods_ApplicationTheme.framework in Frameworks */ = {isa = PBXBuildFile; fileRef = 41BE5A873E5073688D4B6F01 /* Pods_ApplicationTheme.framework */; };
		D614F77AF71528E4AF214487 /* Pods_ApplicationThemeTests.framework in Frameworks */ = {isa = PBXBuildFile; fileRef = EDD00A499769B93FAD1237CC /* Pods_ApplicationThemeTests.framework */; };
/* End PBXBuildFile section */

/* Begin PBXContainerItemProxy section */
		07765DA521D4B24D001DE48C /* PBXContainerItemProxy */ = {
			isa = PBXContainerItemProxy;
			containerPortal = 0757BF2921D4A9DE00F859D1 /* Project object */;
			proxyType = 1;
			remoteGlobalIDString = 0757BF3021D4A9DE00F859D1;
			remoteInfo = ApplicationTheme;
		};
/* End PBXContainerItemProxy section */

/* Begin PBXFileReference section */
		0757BF3121D4A9DE00F859D1 /* ApplicationTheme.app */ = {isa = PBXFileReference; explicitFileType = wrapper.application; includeInIndex = 0; path = ApplicationTheme.app; sourceTree = BUILT_PRODUCTS_DIR; };
		0757BF3421D4A9DE00F859D1 /* AppDelegate.swift */ = {isa = PBXFileReference; lastKnownFileType = sourcecode.swift; path = AppDelegate.swift; sourceTree = "<group>"; };
		0757BF3621D4A9DE00F859D1 /* ViewController.swift */ = {isa = PBXFileReference; lastKnownFileType = sourcecode.swift; path = ViewController.swift; sourceTree = "<group>"; };
		0757BF3921D4A9DE00F859D1 /* Base */ = {isa = PBXFileReference; lastKnownFileType = file.storyboard; name = Base; path = Base.lproj/Main.storyboard; sourceTree = "<group>"; };
		0757BF3B21D4A9E200F859D1 /* Assets.xcassets */ = {isa = PBXFileReference; lastKnownFileType = folder.assetcatalog; path = Assets.xcassets; sourceTree = "<group>"; };
		0757BF3E21D4A9E200F859D1 /* Base */ = {isa = PBXFileReference; lastKnownFileType = file.storyboard; name = Base; path = Base.lproj/LaunchScreen.storyboard; sourceTree = "<group>"; };
		0757BF4021D4A9E300F859D1 /* Info.plist */ = {isa = PBXFileReference; lastKnownFileType = text.plist.xml; path = Info.plist; sourceTree = "<group>"; };
		07765DA021D4B24D001DE48C /* ApplicationThemeTests.xctest */ = {isa = PBXFileReference; explicitFileType = wrapper.cfbundle; includeInIndex = 0; path = ApplicationThemeTests.xctest; sourceTree = BUILT_PRODUCTS_DIR; };
		07765DA221D4B24D001DE48C /* ApplicationThemeTests.swift */ = {isa = PBXFileReference; lastKnownFileType = sourcecode.swift; path = ApplicationThemeTests.swift; sourceTree = "<group>"; };
		07765DA421D4B24D001DE48C /* Info.plist */ = {isa = PBXFileReference; lastKnownFileType = text.plist.xml; path = Info.plist; sourceTree = "<group>"; };
		07EC61C521D4B34000FE283C /* ApplicationThemer.swift */ = {isa = PBXFileReference; lastKnownFileType = sourcecode.swift; path = ApplicationThemer.swift; sourceTree = "<group>"; };
		07EC61C721D4B39400FE283C /* ApplicationThemer+Upstart.swift */ = {isa = PBXFileReference; lastKnownFileType = sourcecode.swift; path = "ApplicationThemer+Upstart.swift"; sourceTree = "<group>"; };
		07EC61CA21D4B3F700FE283C /* ApplicationThemerFake.swift */ = {isa = PBXFileReference; lastKnownFileType = sourcecode.swift; path = ApplicationThemerFake.swift; sourceTree = "<group>"; };
		1C3B2F656AD5D9CEFD0D2615 /* Pods-ApplicationTheme.release.xcconfig */ = {isa = PBXFileReference; includeInIndex = 1; lastKnownFileType = text.xcconfig; name = "Pods-ApplicationTheme.release.xcconfig"; path = "Pods/Target Support Files/Pods-ApplicationTheme/Pods-ApplicationTheme.release.xcconfig"; sourceTree = "<group>"; };
		41BE5A873E5073688D4B6F01 /* Pods_ApplicationTheme.framework */ = {isa = PBXFileReference; explicitFileType = wrapper.framework; includeInIndex = 0; path = Pods_ApplicationTheme.framework; sourceTree = BUILT_PRODUCTS_DIR; };
		B119516297760F9BBFFDA0FC /* Pods-ApplicationThemeTests.debug.xcconfig */ = {isa = PBXFileReference; includeInIndex = 1; lastKnownFileType = text.xcconfig; name = "Pods-ApplicationThemeTests.debug.xcconfig"; path = "Pods/Target Support Files/Pods-ApplicationThemeTests/Pods-ApplicationThemeTests.debug.xcconfig"; sourceTree = "<group>"; };
		BD961D07125B6179EFF514A5 /* Pods-ApplicationThemeTests.release.xcconfig */ = {isa = PBXFileReference; includeInIndex = 1; lastKnownFileType = text.xcconfig; name = "Pods-ApplicationThemeTests.release.xcconfig"; path = "Pods/Target Support Files/Pods-ApplicationThemeTests/Pods-ApplicationThemeTests.release.xcconfig"; sourceTree = "<group>"; };
		CF4D8477DF2623542D05926F /* Pods-ApplicationTheme.debug.xcconfig */ = {isa = PBXFileReference; includeInIndex = 1; lastKnownFileType = text.xcconfig; name = "Pods-ApplicationTheme.debug.xcconfig"; path = "Pods/Target Support Files/Pods-ApplicationTheme/Pods-ApplicationTheme.debug.xcconfig"; sourceTree = "<group>"; };
		EDD00A499769B93FAD1237CC /* Pods_ApplicationThemeTests.framework */ = {isa = PBXFileReference; explicitFileType = wrapper.framework; includeInIndex = 0; path = Pods_ApplicationThemeTests.framework; sourceTree = BUILT_PRODUCTS_DIR; };
/* End PBXFileReference section */

/* Begin PBXFrameworksBuildPhase section */
		0757BF2E21D4A9DE00F859D1 /* Frameworks */ = {
			isa = PBXFrameworksBuildPhase;
			buildActionMask = 2147483647;
			files = (
				B8344210F3A859B489DD5CEE /* Pods_ApplicationTheme.framework in Frameworks */,
			);
			runOnlyForDeploymentPostprocessing = 0;
		};
		07765D9D21D4B24D001DE48C /* Frameworks */ = {
			isa = PBXFrameworksBuildPhase;
			buildActionMask = 2147483647;
			files = (
				D614F77AF71528E4AF214487 /* Pods_ApplicationThemeTests.framework in Frameworks */,
			);
			runOnlyForDeploymentPostprocessing = 0;
		};
/* End PBXFrameworksBuildPhase section */

/* Begin PBXGroup section */
		0757BF2821D4A9DE00F859D1 = {
			isa = PBXGroup;
			children = (
				0757BF3321D4A9DE00F859D1 /* ApplicationTheme */,
				07765DA121D4B24D001DE48C /* ApplicationThemeTests */,
				0757BF3221D4A9DE00F859D1 /* Products */,
				5CC6E0D3409560482FB487B1 /* Pods */,
				C7AC64A248EBDCC3AE76A9CD /* Frameworks */,
			);
			sourceTree = "<group>";
		};
		0757BF3221D4A9DE00F859D1 /* Products */ = {
			isa = PBXGroup;
			children = (
				0757BF3121D4A9DE00F859D1 /* ApplicationTheme.app */,
				07765DA021D4B24D001DE48C /* ApplicationThemeTests.xctest */,
			);
			name = Products;
			sourceTree = "<group>";
		};
		0757BF3321D4A9DE00F859D1 /* ApplicationTheme */ = {
			isa = PBXGroup;
			children = (
				0757BF3421D4A9DE00F859D1 /* AppDelegate.swift */,
				07EC61C521D4B34000FE283C /* ApplicationThemer.swift */,
				07EC61C721D4B39400FE283C /* ApplicationThemer+Upstart.swift */,
				0757BF3B21D4A9E200F859D1 /* Assets.xcassets */,
				0757BF4021D4A9E300F859D1 /* Info.plist */,
				0757BF3D21D4A9E200F859D1 /* LaunchScreen.storyboard */,
				0757BF3821D4A9DE00F859D1 /* Main.storyboard */,
				0757BF3621D4A9DE00F859D1 /* ViewController.swift */,
			);
			path = ApplicationTheme;
			sourceTree = "<group>";
		};
		07765DA121D4B24D001DE48C /* ApplicationThemeTests */ = {
			isa = PBXGroup;
			children = (
				07EC61C921D4B3EA00FE283C /* Fakes */,
				07765DA221D4B24D001DE48C /* ApplicationThemeTests.swift */,
				07765DA421D4B24D001DE48C /* Info.plist */,
			);
			path = ApplicationThemeTests;
			sourceTree = "<group>";
		};
		07EC61C921D4B3EA00FE283C /* Fakes */ = {
			isa = PBXGroup;
			children = (
				07EC61CA21D4B3F700FE283C /* ApplicationThemerFake.swift */,
			);
			path = Fakes;
			sourceTree = "<group>";
		};
		5CC6E0D3409560482FB487B1 /* Pods */ = {
			isa = PBXGroup;
			children = (
				CF4D8477DF2623542D05926F /* Pods-ApplicationTheme.debug.xcconfig */,
				1C3B2F656AD5D9CEFD0D2615 /* Pods-ApplicationTheme.release.xcconfig */,
				B119516297760F9BBFFDA0FC /* Pods-ApplicationThemeTests.debug.xcconfig */,
				BD961D07125B6179EFF514A5 /* Pods-ApplicationThemeTests.release.xcconfig */,
			);
			name = Pods;
			sourceTree = "<group>";
		};
		C7AC64A248EBDCC3AE76A9CD /* Frameworks */ = {
			isa = PBXGroup;
			children = (
				41BE5A873E5073688D4B6F01 /* Pods_ApplicationTheme.framework */,
				EDD00A499769B93FAD1237CC /* Pods_ApplicationThemeTests.framework */,
			);
			name = Frameworks;
			sourceTree = "<group>";
		};
/* End PBXGroup section */

/* Begin PBXNativeTarget section */
		0757BF3021D4A9DE00F859D1 /* ApplicationTheme */ = {
			isa = PBXNativeTarget;
			buildConfigurationList = 0757BF4E21D4A9E300F859D1 /* Build configuration list for PBXNativeTarget "ApplicationTheme" */;
			buildPhases = (
				115887D079BB5E0E4D487EC8 /* [CP] Check Pods Manifest.lock */,
				0757BF2D21D4A9DE00F859D1 /* Sources */,
				0757BF2E21D4A9DE00F859D1 /* Frameworks */,
				0757BF2F21D4A9DE00F859D1 /* Resources */,
				BC4D77F7D3E94DA8AD2448F6 /* [CP] Embed Pods Frameworks */,
			);
			buildRules = (
			);
			dependencies = (
			);
			name = ApplicationTheme;
			productName = ApplicationTheme;
			productReference = 0757BF3121D4A9DE00F859D1 /* ApplicationTheme.app */;
			productType = "com.apple.product-type.application";
		};
		07765D9F21D4B24D001DE48C /* ApplicationThemeTests */ = {
			isa = PBXNativeTarget;
			buildConfigurationList = 07765DA721D4B24D001DE48C /* Build configuration list for PBXNativeTarget "ApplicationThemeTests" */;
			buildPhases = (
				F7B87A4A36F8C4E76AFD5623 /* [CP] Check Pods Manifest.lock */,
				07765D9C21D4B24D001DE48C /* Sources */,
				07765D9D21D4B24D001DE48C /* Frameworks */,
				07765D9E21D4B24D001DE48C /* Resources */,
				7D5100006C0F46F499B77FAA /* [CP] Embed Pods Frameworks */,
			);
			buildRules = (
			);
			dependencies = (
				07765DA621D4B24D001DE48C /* PBXTargetDependency */,
			);
			name = ApplicationThemeTests;
			productName = ApplicationThemeTests;
			productReference = 07765DA021D4B24D001DE48C /* ApplicationThemeTests.xctest */;
			productType = "com.apple.product-type.bundle.unit-test";
		};
/* End PBXNativeTarget section */

/* Begin PBXProject section */
		0757BF2921D4A9DE00F859D1 /* Project object */ = {
			isa = PBXProject;
			attributes = {
				LastSwiftUpdateCheck = 1010;
				LastUpgradeCheck = 1010;
				ORGANIZATIONNAME = Backit;
				TargetAttributes = {
					0757BF3021D4A9DE00F859D1 = {
						CreatedOnToolsVersion = 10.1;
					};
					07765D9F21D4B24D001DE48C = {
						CreatedOnToolsVersion = 10.1;
						TestTargetID = 0757BF3021D4A9DE00F859D1;
					};
				};
			};
			buildConfigurationList = 0757BF2C21D4A9DE00F859D1 /* Build configuration list for PBXProject "ApplicationTheme" */;
			compatibilityVersion = "Xcode 9.3";
			developmentRegion = en;
			hasScannedForEncodings = 0;
			knownRegions = (
				en,
				Base,
			);
			mainGroup = 0757BF2821D4A9DE00F859D1;
			productRefGroup = 0757BF3221D4A9DE00F859D1 /* Products */;
			projectDirPath = "";
			projectRoot = "";
			targets = (
				0757BF3021D4A9DE00F859D1 /* ApplicationTheme */,
				07765D9F21D4B24D001DE48C /* ApplicationThemeTests */,
			);
		};
/* End PBXProject section */

/* Begin PBXResourcesBuildPhase section */
		0757BF2F21D4A9DE00F859D1 /* Resources */ = {
			isa = PBXResourcesBuildPhase;
			buildActionMask = 2147483647;
			files = (
				0757BF3F21D4A9E200F859D1 /* LaunchScreen.storyboard in Resources */,
				0757BF3C21D4A9E200F859D1 /* Assets.xcassets in Resources */,
				0757BF3A21D4A9DE00F859D1 /* Main.storyboard in Resources */,
			);
			runOnlyForDeploymentPostprocessing = 0;
		};
		07765D9E21D4B24D001DE48C /* Resources */ = {
			isa = PBXResourcesBuildPhase;
			buildActionMask = 2147483647;
			files = (
			);
			runOnlyForDeploymentPostprocessing = 0;
		};
/* End PBXResourcesBuildPhase section */

/* Begin PBXShellScriptBuildPhase section */
		115887D079BB5E0E4D487EC8 /* [CP] Check Pods Manifest.lock */ = {
			isa = PBXShellScriptBuildPhase;
			buildActionMask = 2147483647;
			files = (
			);
			inputPaths = (
				"${PODS_PODFILE_DIR_PATH}/Podfile.lock",
				"${PODS_ROOT}/Manifest.lock",
			);
			name = "[CP] Check Pods Manifest.lock";
			outputPaths = (
				"$(DERIVED_FILE_DIR)/Pods-ApplicationTheme-checkManifestLockResult.txt",
			);
			runOnlyForDeploymentPostprocessing = 0;
			shellPath = /bin/sh;
			shellScript = "diff \"${PODS_PODFILE_DIR_PATH}/Podfile.lock\" \"${PODS_ROOT}/Manifest.lock\" > /dev/null\nif [ $? != 0 ] ; then\n    # print error to STDERR\n    echo \"error: The sandbox is not in sync with the Podfile.lock. Run 'pod install' or update your CocoaPods installation.\" >&2\n    exit 1\nfi\n# This output is used by Xcode 'outputs' to avoid re-running this script phase.\necho \"SUCCESS\" > \"${SCRIPT_OUTPUT_FILE_0}\"\n";
			showEnvVarsInLog = 0;
		};
		7D5100006C0F46F499B77FAA /* [CP] Embed Pods Frameworks */ = {
			isa = PBXShellScriptBuildPhase;
			buildActionMask = 2147483647;
			files = (
			);
			inputPaths = (
				"${SRCROOT}/Pods/Target Support Files/Pods-ApplicationThemeTests/Pods-ApplicationThemeTests-frameworks.sh",
				"${BUILT_PRODUCTS_DIR}/BrightFutures/BrightFutures.framework",
				"${BUILT_PRODUCTS_DIR}/Result/Result.framework",
				"${BUILT_PRODUCTS_DIR}/AutoEquatable/AutoEquatable.framework",
				"${BUILT_PRODUCTS_DIR}/KIF/KIF.framework",
				"${BUILT_PRODUCTS_DIR}/KIF-Quick/KIF_Quick.framework",
				"${BUILT_PRODUCTS_DIR}/Nimble/Nimble.framework",
				"${BUILT_PRODUCTS_DIR}/Quick/Quick.framework",
				"${BUILT_PRODUCTS_DIR}/Spry/Spry.framework",
				"${BUILT_PRODUCTS_DIR}/Spry+Nimble/Spry_Nimble.framework",
			);
			name = "[CP] Embed Pods Frameworks";
			outputPaths = (
				"${TARGET_BUILD_DIR}/${FRAMEWORKS_FOLDER_PATH}/BrightFutures.framework",
				"${TARGET_BUILD_DIR}/${FRAMEWORKS_FOLDER_PATH}/Result.framework",
				"${TARGET_BUILD_DIR}/${FRAMEWORKS_FOLDER_PATH}/AutoEquatable.framework",
				"${TARGET_BUILD_DIR}/${FRAMEWORKS_FOLDER_PATH}/KIF.framework",
				"${TARGET_BUILD_DIR}/${FRAMEWORKS_FOLDER_PATH}/KIF_Quick.framework",
				"${TARGET_BUILD_DIR}/${FRAMEWORKS_FOLDER_PATH}/Nimble.framework",
				"${TARGET_BUILD_DIR}/${FRAMEWORKS_FOLDER_PATH}/Quick.framework",
				"${TARGET_BUILD_DIR}/${FRAMEWORKS_FOLDER_PATH}/Spry.framework",
				"${TARGET_BUILD_DIR}/${FRAMEWORKS_FOLDER_PATH}/Spry_Nimble.framework",
			);
			runOnlyForDeploymentPostprocessing = 0;
			shellPath = /bin/sh;
			shellScript = "\"${SRCROOT}/Pods/Target Support Files/Pods-ApplicationThemeTests/Pods-ApplicationThemeTests-frameworks.sh\"\n";
			showEnvVarsInLog = 0;
		};
		BC4D77F7D3E94DA8AD2448F6 /* [CP] Embed Pods Frameworks */ = {
			isa = PBXShellScriptBuildPhase;
			buildActionMask = 2147483647;
			files = (
			);
			inputPaths = (
				"${SRCROOT}/Pods/Target Support Files/Pods-ApplicationTheme/Pods-ApplicationTheme-frameworks.sh",
				"${BUILT_PRODUCTS_DIR}/Alamofire/Alamofire.framework",
				"${BUILT_PRODUCTS_DIR}/BrightFutures/BrightFutures.framework",
				"${BUILT_PRODUCTS_DIR}/FLAnimatedImage/FLAnimatedImage.framework",
				"${BUILT_PRODUCTS_DIR}/Result/Result.framework",
				"${BUILT_PRODUCTS_DIR}/SDWebImage/SDWebImage.framework",
				"${BUILT_PRODUCTS_DIR}/Swinject/Swinject.framework",
				"${BUILT_PRODUCTS_DIR}/SwinjectStoryboard/SwinjectStoryboard.framework",
			);
			name = "[CP] Embed Pods Frameworks";
			outputPaths = (
				"${TARGET_BUILD_DIR}/${FRAMEWORKS_FOLDER_PATH}/Alamofire.framework",
				"${TARGET_BUILD_DIR}/${FRAMEWORKS_FOLDER_PATH}/BrightFutures.framework",
				"${TARGET_BUILD_DIR}/${FRAMEWORKS_FOLDER_PATH}/FLAnimatedImage.framework",
				"${TARGET_BUILD_DIR}/${FRAMEWORKS_FOLDER_PATH}/Result.framework",
				"${TARGET_BUILD_DIR}/${FRAMEWORKS_FOLDER_PATH}/SDWebImage.framework",
				"${TARGET_BUILD_DIR}/${FRAMEWORKS_FOLDER_PATH}/Swinject.framework",
				"${TARGET_BUILD_DIR}/${FRAMEWORKS_FOLDER_PATH}/SwinjectStoryboard.framework",
			);
			runOnlyForDeploymentPostprocessing = 0;
			shellPath = /bin/sh;
			shellScript = "\"${SRCROOT}/Pods/Target Support Files/Pods-ApplicationTheme/Pods-ApplicationTheme-frameworks.sh\"\n";
			showEnvVarsInLog = 0;
		};
		F7B87A4A36F8C4E76AFD5623 /* [CP] Check Pods Manifest.lock */ = {
			isa = PBXShellScriptBuildPhase;
			buildActionMask = 2147483647;
			files = (
			);
			inputPaths = (
				"${PODS_PODFILE_DIR_PATH}/Podfile.lock",
				"${PODS_ROOT}/Manifest.lock",
			);
			name = "[CP] Check Pods Manifest.lock";
			outputPaths = (
				"$(DERIVED_FILE_DIR)/Pods-ApplicationThemeTests-checkManifestLockResult.txt",
			);
			runOnlyForDeploymentPostprocessing = 0;
			shellPath = /bin/sh;
			shellScript = "diff \"${PODS_PODFILE_DIR_PATH}/Podfile.lock\" \"${PODS_ROOT}/Manifest.lock\" > /dev/null\nif [ $? != 0 ] ; then\n    # print error to STDERR\n    echo \"error: The sandbox is not in sync with the Podfile.lock. Run 'pod install' or update your CocoaPods installation.\" >&2\n    exit 1\nfi\n# This output is used by Xcode 'outputs' to avoid re-running this script phase.\necho \"SUCCESS\" > \"${SCRIPT_OUTPUT_FILE_0}\"\n";
			showEnvVarsInLog = 0;
		};
/* End PBXShellScriptBuildPhase section */

/* Begin PBXSourcesBuildPhase section */
		0757BF2D21D4A9DE00F859D1 /* Sources */ = {
			isa = PBXSourcesBuildPhase;
			buildActionMask = 2147483647;
			files = (
				0757BF3721D4A9DE00F859D1 /* ViewController.swift in Sources */,
				07EC61C821D4B39400FE283C /* ApplicationThemer+Upstart.swift in Sources */,
				07EC61C621D4B34000FE283C /* ApplicationThemer.swift in Sources */,
				0757BF3521D4A9DE00F859D1 /* AppDelegate.swift in Sources */,
			);
			runOnlyForDeploymentPostprocessing = 0;
		};
		07765D9C21D4B24D001DE48C /* Sources */ = {
			isa = PBXSourcesBuildPhase;
			buildActionMask = 2147483647;
			files = (
				07EC61CB21D4B3F700FE283C /* ApplicationThemerFake.swift in Sources */,
				07765DA321D4B24D001DE48C /* ApplicationThemeTests.swift in Sources */,
			);
			runOnlyForDeploymentPostprocessing = 0;
		};
/* End PBXSourcesBuildPhase section */

/* Begin PBXTargetDependency section */
		07765DA621D4B24D001DE48C /* PBXTargetDependency */ = {
			isa = PBXTargetDependency;
			target = 0757BF3021D4A9DE00F859D1 /* ApplicationTheme */;
			targetProxy = 07765DA521D4B24D001DE48C /* PBXContainerItemProxy */;
		};
/* End PBXTargetDependency section */

/* Begin PBXVariantGroup section */
		0757BF3821D4A9DE00F859D1 /* Main.storyboard */ = {
			isa = PBXVariantGroup;
			children = (
				0757BF3921D4A9DE00F859D1 /* Base */,
			);
			name = Main.storyboard;
			sourceTree = "<group>";
		};
		0757BF3D21D4A9E200F859D1 /* LaunchScreen.storyboard */ = {
			isa = PBXVariantGroup;
			children = (
				0757BF3E21D4A9E200F859D1 /* Base */,
			);
			name = LaunchScreen.storyboard;
			sourceTree = "<group>";
		};
/* End PBXVariantGroup section */

/* Begin XCBuildConfiguration section */
		0757BF4C21D4A9E300F859D1 /* Debug */ = {
			isa = XCBuildConfiguration;
			buildSettings = {
				ALWAYS_SEARCH_USER_PATHS = NO;
				CLANG_ANALYZER_NONNULL = YES;
				CLANG_ANALYZER_NUMBER_OBJECT_CONVERSION = YES_AGGRESSIVE;
				CLANG_CXX_LANGUAGE_STANDARD = "gnu++14";
				CLANG_CXX_LIBRARY = "libc++";
				CLANG_ENABLE_MODULES = YES;
				CLANG_ENABLE_OBJC_ARC = YES;
				CLANG_ENABLE_OBJC_WEAK = YES;
				CLANG_WARN_BLOCK_CAPTURE_AUTORELEASING = YES;
				CLANG_WARN_BOOL_CONVERSION = YES;
				CLANG_WARN_COMMA = YES;
				CLANG_WARN_CONSTANT_CONVERSION = YES;
				CLANG_WARN_DEPRECATED_OBJC_IMPLEMENTATIONS = YES;
				CLANG_WARN_DIRECT_OBJC_ISA_USAGE = YES_ERROR;
				CLANG_WARN_DOCUMENTATION_COMMENTS = YES;
				CLANG_WARN_EMPTY_BODY = YES;
				CLANG_WARN_ENUM_CONVERSION = YES;
				CLANG_WARN_INFINITE_RECURSION = YES;
				CLANG_WARN_INT_CONVERSION = YES;
				CLANG_WARN_NON_LITERAL_NULL_CONVERSION = YES;
				CLANG_WARN_OBJC_IMPLICIT_RETAIN_SELF = YES;
				CLANG_WARN_OBJC_LITERAL_CONVERSION = YES;
				CLANG_WARN_OBJC_ROOT_CLASS = YES_ERROR;
				CLANG_WARN_RANGE_LOOP_ANALYSIS = YES;
				CLANG_WARN_STRICT_PROTOTYPES = YES;
				CLANG_WARN_SUSPICIOUS_MOVE = YES;
				CLANG_WARN_UNGUARDED_AVAILABILITY = YES_AGGRESSIVE;
				CLANG_WARN_UNREACHABLE_CODE = YES;
				CLANG_WARN__DUPLICATE_METHOD_MATCH = YES;
				CODE_SIGN_IDENTITY = "iPhone Developer";
				COPY_PHASE_STRIP = NO;
				DEBUG_INFORMATION_FORMAT = dwarf;
				ENABLE_BITCODE = NO;
				ENABLE_STRICT_OBJC_MSGSEND = YES;
				ENABLE_TESTABILITY = YES;
				GCC_C_LANGUAGE_STANDARD = gnu11;
				GCC_DYNAMIC_NO_PIC = NO;
				GCC_NO_COMMON_BLOCKS = YES;
				GCC_OPTIMIZATION_LEVEL = 0;
				GCC_PREPROCESSOR_DEFINITIONS = (
					"DEBUG=1",
					"$(inherited)",
				);
				GCC_WARN_64_TO_32_BIT_CONVERSION = YES;
				GCC_WARN_ABOUT_RETURN_TYPE = YES_ERROR;
				GCC_WARN_UNDECLARED_SELECTOR = YES;
				GCC_WARN_UNINITIALIZED_AUTOS = YES_AGGRESSIVE;
				GCC_WARN_UNUSED_FUNCTION = YES;
				GCC_WARN_UNUSED_VARIABLE = YES;
				IPHONEOS_DEPLOYMENT_TARGET = 12.1;
				MTL_ENABLE_DEBUG_INFO = INCLUDE_SOURCE;
				MTL_FAST_MATH = YES;
				ONLY_ACTIVE_ARCH = YES;
				SDKROOT = iphoneos;
				SWIFT_ACTIVE_COMPILATION_CONDITIONS = DEBUG;
				SWIFT_OPTIMIZATION_LEVEL = "-Onone";
			};
			name = Debug;
		};
		0757BF4D21D4A9E300F859D1 /* Release */ = {
			isa = XCBuildConfiguration;
			buildSettings = {
				ALWAYS_SEARCH_USER_PATHS = NO;
				CLANG_ANALYZER_NONNULL = YES;
				CLANG_ANALYZER_NUMBER_OBJECT_CONVERSION = YES_AGGRESSIVE;
				CLANG_CXX_LANGUAGE_STANDARD = "gnu++14";
				CLANG_CXX_LIBRARY = "libc++";
				CLANG_ENABLE_MODULES = YES;
				CLANG_ENABLE_OBJC_ARC = YES;
				CLANG_ENABLE_OBJC_WEAK = YES;
				CLANG_WARN_BLOCK_CAPTURE_AUTORELEASING = YES;
				CLANG_WARN_BOOL_CONVERSION = YES;
				CLANG_WARN_COMMA = YES;
				CLANG_WARN_CONSTANT_CONVERSION = YES;
				CLANG_WARN_DEPRECATED_OBJC_IMPLEMENTATIONS = YES;
				CLANG_WARN_DIRECT_OBJC_ISA_USAGE = YES_ERROR;
				CLANG_WARN_DOCUMENTATION_COMMENTS = YES;
				CLANG_WARN_EMPTY_BODY = YES;
				CLANG_WARN_ENUM_CONVERSION = YES;
				CLANG_WARN_INFINITE_RECURSION = YES;
				CLANG_WARN_INT_CONVERSION = YES;
				CLANG_WARN_NON_LITERAL_NULL_CONVERSION = YES;
				CLANG_WARN_OBJC_IMPLICIT_RETAIN_SELF = YES;
				CLANG_WARN_OBJC_LITERAL_CONVERSION = YES;
				CLANG_WARN_OBJC_ROOT_CLASS = YES_ERROR;
				CLANG_WARN_RANGE_LOOP_ANALYSIS = YES;
				CLANG_WARN_STRICT_PROTOTYPES = YES;
				CLANG_WARN_SUSPICIOUS_MOVE = YES;
				CLANG_WARN_UNGUARDED_AVAILABILITY = YES_AGGRESSIVE;
				CLANG_WARN_UNREACHABLE_CODE = YES;
				CLANG_WARN__DUPLICATE_METHOD_MATCH = YES;
				CODE_SIGN_IDENTITY = "iPhone Developer";
				COPY_PHASE_STRIP = NO;
				DEBUG_INFORMATION_FORMAT = "dwarf-with-dsym";
				ENABLE_BITCODE = NO;
				ENABLE_NS_ASSERTIONS = NO;
				ENABLE_STRICT_OBJC_MSGSEND = YES;
				GCC_C_LANGUAGE_STANDARD = gnu11;
				GCC_NO_COMMON_BLOCKS = YES;
				GCC_WARN_64_TO_32_BIT_CONVERSION = YES;
				GCC_WARN_ABOUT_RETURN_TYPE = YES_ERROR;
				GCC_WARN_UNDECLARED_SELECTOR = YES;
				GCC_WARN_UNINITIALIZED_AUTOS = YES_AGGRESSIVE;
				GCC_WARN_UNUSED_FUNCTION = YES;
				GCC_WARN_UNUSED_VARIABLE = YES;
				IPHONEOS_DEPLOYMENT_TARGET = 12.1;
				MTL_ENABLE_DEBUG_INFO = NO;
				MTL_FAST_MATH = YES;
				SDKROOT = iphoneos;
				SWIFT_COMPILATION_MODE = wholemodule;
				SWIFT_OPTIMIZATION_LEVEL = "-O";
				VALIDATE_PRODUCT = YES;
			};
			name = Release;
		};
		0757BF4F21D4A9E300F859D1 /* Debug */ = {
			isa = XCBuildConfiguration;
			baseConfigurationReference = CF4D8477DF2623542D05926F /* Pods-ApplicationTheme.debug.xcconfig */;
			buildSettings = {
				ASSETCATALOG_COMPILER_APPICON_NAME = AppIcon;
				CODE_SIGN_STYLE = Automatic;
				DEVELOPMENT_TEAM = DSZ2DNDVRK;
				ENABLE_BITCODE = NO;
				INFOPLIST_FILE = ApplicationTheme/Info.plist;
				LD_RUNPATH_SEARCH_PATHS = (
					"$(inherited)",
					"@executable_path/Frameworks",
				);
				PRODUCT_BUNDLE_IDENTIFIER = com.upstartillustration.ApplicationTheme;
				PRODUCT_NAME = "$(TARGET_NAME)";
				SWIFT_VERSION = 4.2;
				TARGETED_DEVICE_FAMILY = "1,2";
			};
			name = Debug;
		};
		0757BF5021D4A9E300F859D1 /* Release */ = {
			isa = XCBuildConfiguration;
			baseConfigurationReference = 1C3B2F656AD5D9CEFD0D2615 /* Pods-ApplicationTheme.release.xcconfig */;
			buildSettings = {
				ASSETCATALOG_COMPILER_APPICON_NAME = AppIcon;
				CODE_SIGN_STYLE = Automatic;
				DEVELOPMENT_TEAM = DSZ2DNDVRK;
				ENABLE_BITCODE = NO;
				INFOPLIST_FILE = ApplicationTheme/Info.plist;
				LD_RUNPATH_SEARCH_PATHS = (
					"$(inherited)",
					"@executable_path/Frameworks",
				);
				PRODUCT_BUNDLE_IDENTIFIER = com.upstartillustration.ApplicationTheme;
				PRODUCT_NAME = "$(TARGET_NAME)";
				SWIFT_VERSION = 4.2;
				TARGETED_DEVICE_FAMILY = "1,2";
			};
			name = Release;
		};
		07765DA821D4B24D001DE48C /* Debug */ = {
			isa = XCBuildConfiguration;
			baseConfigurationReference = B119516297760F9BBFFDA0FC /* Pods-ApplicationThemeTests.debug.xcconfig */;
			buildSettings = {
				BUNDLE_LOADER = "$(TEST_HOST)";
				CODE_SIGN_STYLE = Automatic;
				DEVELOPMENT_TEAM = DSZ2DNDVRK;
				INFOPLIST_FILE = ApplicationThemeTests/Info.plist;
				LD_RUNPATH_SEARCH_PATHS = (
					"$(inherited)",
					"@executable_path/Frameworks",
					"@loader_path/Frameworks",
				);
				PRODUCT_BUNDLE_IDENTIFIER = com.upstartillustration.ApplicationThemeTests;
				PRODUCT_NAME = "$(TARGET_NAME)";
				SWIFT_VERSION = 4.2;
				TARGETED_DEVICE_FAMILY = "1,2";
				TEST_HOST = "$(BUILT_PRODUCTS_DIR)/ApplicationTheme.app/ApplicationTheme";
			};
			name = Debug;
		};
		07765DA921D4B24D001DE48C /* Release */ = {
			isa = XCBuildConfiguration;
			baseConfigurationReference = BD961D07125B6179EFF514A5 /* Pods-ApplicationThemeTests.release.xcconfig */;
			buildSettings = {
				BUNDLE_LOADER = "$(TEST_HOST)";
				CODE_SIGN_STYLE = Automatic;
				DEVELOPMENT_TEAM = DSZ2DNDVRK;
				INFOPLIST_FILE = ApplicationThemeTests/Info.plist;
				LD_RUNPATH_SEARCH_PATHS = (
					"$(inherited)",
					"@executable_path/Frameworks",
					"@loader_path/Frameworks",
				);
				PRODUCT_BUNDLE_IDENTIFIER = com.upstartillustration.ApplicationThemeTests;
				PRODUCT_NAME = "$(TARGET_NAME)";
				SWIFT_VERSION = 4.2;
				TARGETED_DEVICE_FAMILY = "1,2";
				TEST_HOST = "$(BUILT_PRODUCTS_DIR)/ApplicationTheme.app/ApplicationTheme";
			};
			name = Release;
		};
/* End XCBuildConfiguration section */

/* Begin XCConfigurationList section */
		0757BF2C21D4A9DE00F859D1 /* Build configuration list for PBXProject "ApplicationTheme" */ = {
			isa = XCConfigurationList;
			buildConfigurations = (
				0757BF4C21D4A9E300F859D1 /* Debug */,
				0757BF4D21D4A9E300F859D1 /* Release */,
			);
			defaultConfigurationIsVisible = 0;
			defaultConfigurationName = Release;
		};
		0757BF4E21D4A9E300F859D1 /* Build configuration list for PBXNativeTarget "ApplicationTheme" */ = {
			isa = XCConfigurationList;
			buildConfigurations = (
				0757BF4F21D4A9E300F859D1 /* Debug */,
				0757BF5021D4A9E300F859D1 /* Release */,
			);
			defaultConfigurationIsVisible = 0;
			defaultConfigurationName = Release;
		};
		07765DA721D4B24D001DE48C /* Build configuration list for PBXNativeTarget "ApplicationThemeTests" */ = {
			isa = XCConfigurationList;
			buildConfigurations = (
				07765DA821D4B24D001DE48C /* Debug */,
				07765DA921D4B24D001DE48C /* Release */,
			);
			defaultConfigurationIsVisible = 0;
			defaultConfigurationName = Release;
		};
/* End XCConfigurationList section */
	};
	rootObject = 0757BF2921D4A9DE00F859D1 /* Project object */;
}
